
Microsoft Visual Studio Solution File, Format Version 12.00
# Visual Studio Version 16
VisualStudioVersion = 16.0.32126.315
MinimumVisualStudioVersion = 10.0.40219.1
Project("{FAE04EC0-301F-11D3-BF4B-00C04F79EFBC}") = "Lab6", "Lab6.csproj", "{1F61A3B3-A136-481C-8AE3-76AF0A1A8227}"
EndProject
Global
	GlobalSection(SolutionConfigurationPlatforms) = preSolution
		Debug|Any CPU = Debug|Any CPU
		Release|Any CPU = Release|Any CPU
	EndGlobalSection
	GlobalSection(ProjectConfigurationPlatforms) = postSolution
		{1F61A3B3-A136-481C-8AE3-76AF0A1A8227}.Debug|Any CPU.ActiveCfg = Debug|Any CPU
		{1F61A3B3-A136-481C-8AE3-76AF0A1A8227}.Debug|Any CPU.Build.0 = Debug|Any CPU
		{1F61A3B3-A136-481C-8AE3-76AF0A1A8227}.Release|Any CPU.ActiveCfg = Release|Any CPU
		{1F61A3B3-A136-481C-8AE3-76AF0A1A8227}.Release|Any CPU.Build.0 = Release|Any CPU
	EndGlobalSection
	GlobalSection(SolutionProperties) = preSolution
		HideSolutionNode = FALSE
	EndGlobalSection
	GlobalSection(ExtensibilityGlobals) = postSolution
		SolutionGuid = {371C150C-C463-41F5-8F68-03DC060552FE}
	EndGlobalSection
EndGlobal
